
Microsoft Visual Studio Solution File, Format Version 12.00
# Visual Studio Version 16
VisualStudioVersion = 16.0.30225.117
MinimumVisualStudioVersion = 10.0.40219.1
Project("{FAE04EC0-301F-11D3-BF4B-00C04F79EFBC}") = "Homework-week11", "Homework-week11.csproj", "{947C3ECC-EB34-4C19-8EE7-1D0155C8CB77}"
EndProject
Global
	GlobalSection(SolutionConfigurationPlatforms) = preSolution
		Debug|Any CPU = Debug|Any CPU
		Release|Any CPU = Release|Any CPU
	EndGlobalSection
	GlobalSection(ProjectConfigurationPlatforms) = postSolution
		{947C3ECC-EB34-4C19-8EE7-1D0155C8CB77}.Debug|Any CPU.ActiveCfg = Debug|Any CPU
		{947C3ECC-EB34-4C19-8EE7-1D0155C8CB77}.Debug|Any CPU.Build.0 = Debug|Any CPU
		{947C3ECC-EB34-4C19-8EE7-1D0155C8CB77}.Release|Any CPU.ActiveCfg = Release|Any CPU
		{947C3ECC-EB34-4C19-8EE7-1D0155C8CB77}.Release|Any CPU.Build.0 = Release|Any CPU
	EndGlobalSection
	GlobalSection(SolutionProperties) = preSolution
		HideSolutionNode = FALSE
	EndGlobalSection
	GlobalSection(ExtensibilityGlobals) = postSolution
		SolutionGuid = {C4638649-92E7-47F5-A388-D94AE7FD8AD6}
	EndGlobalSection
EndGlobal
